
Microsoft Visual Studio Solution File, Format Version 12.00
# Visual Studio Version 17
VisualStudioVersion = 17.4.33110.190
MinimumVisualStudioVersion = 10.0.40219.1
Project("{9A19103F-16F7-4668-BE54-9A1E7A4F7556}") = "Demo.Shared", "Demo.Shared\Demo.Shared.csproj", "{49C59F53-9196-46D1-9B59-4B6F4DDE1D4A}"
EndProject
Project("{9A19103F-16F7-4668-BE54-9A1E7A4F7556}") = "Demo.Shared.Tests", "Demo.Shared.Tests\Demo.Shared.Tests.csproj", "{643BCB97-381B-4D13-9456-45735D80F440}"
EndProject
Project("{9A19103F-16F7-4668-BE54-9A1E7A4F7556}") = "Demo.Console", "Demo.Console\Demo.Console.csproj", "{901B1DD2-7C88-44D2-BCCD-14EB6E619B00}"
EndProject
Project("{9A19103F-16F7-4668-BE54-9A1E7A4F7556}") = "Demo.Web", "Demo.Web\Demo.Web.csproj", "{F414CF6A-87BA-4E90-955E-BF2F9B67CD98}"
EndProject
Project("{FAE04EC0-301F-11D3-BF4B-00C04F79EFBC}") = "Demo.Web.Tests", "Demo.Web.Tests\Demo.Web.Tests.csproj", "{A224802A-53EB-4107-8243-94568740A9A7}"
EndProject
Global
	GlobalSection(SolutionConfigurationPlatforms) = preSolution
		Debug|Any CPU = Debug|Any CPU
		Release|Any CPU = Release|Any CPU
	EndGlobalSection
	GlobalSection(ProjectConfigurationPlatforms) = postSolution
		{49C59F53-9196-46D1-9B59-4B6F4DDE1D4A}.Debug|Any CPU.ActiveCfg = Debug|Any CPU
		{49C59F53-9196-46D1-9B59-4B6F4DDE1D4A}.Debug|Any CPU.Build.0 = Debug|Any CPU
		{49C59F53-9196-46D1-9B59-4B6F4DDE1D4A}.Release|Any CPU.ActiveCfg = Release|Any CPU
		{49C59F53-9196-46D1-9B59-4B6F4DDE1D4A}.Release|Any CPU.Build.0 = Release|Any CPU
		{643BCB97-381B-4D13-9456-45735D80F440}.Debug|Any CPU.ActiveCfg = Debug|Any CPU
		{643BCB97-381B-4D13-9456-45735D80F440}.Debug|Any CPU.Build.0 = Debug|Any CPU
		{643BCB97-381B-4D13-9456-45735D80F440}.Release|Any CPU.ActiveCfg = Release|Any CPU
		{643BCB97-381B-4D13-9456-45735D80F440}.Release|Any CPU.Build.0 = Release|Any CPU
		{901B1DD2-7C88-44D2-BCCD-14EB6E619B00}.Debug|Any CPU.ActiveCfg = Debug|Any CPU
		{901B1DD2-7C88-44D2-BCCD-14EB6E619B00}.Debug|Any CPU.Build.0 = Debug|Any CPU
		{901B1DD2-7C88-44D2-BCCD-14EB6E619B00}.Release|Any CPU.ActiveCfg = Release|Any CPU
		{901B1DD2-7C88-44D2-BCCD-14EB6E619B00}.Release|Any CPU.Build.0 = Release|Any CPU
		{F414CF6A-87BA-4E90-955E-BF2F9B67CD98}.Debug|Any CPU.ActiveCfg = Debug|Any CPU
		{F414CF6A-87BA-4E90-955E-BF2F9B67CD98}.Debug|Any CPU.Build.0 = Debug|Any CPU
		{F414CF6A-87BA-4E90-955E-BF2F9B67CD98}.Release|Any CPU.ActiveCfg = Release|Any CPU
		{F414CF6A-87BA-4E90-955E-BF2F9B67CD98}.Release|Any CPU.Build.0 = Release|Any CPU
		{A224802A-53EB-4107-8243-94568740A9A7}.Debug|Any CPU.ActiveCfg = Debug|Any CPU
		{A224802A-53EB-4107-8243-94568740A9A7}.Debug|Any CPU.Build.0 = Debug|Any CPU
		{A224802A-53EB-4107-8243-94568740A9A7}.Release|Any CPU.ActiveCfg = Release|Any CPU
		{A224802A-53EB-4107-8243-94568740A9A7}.Release|Any CPU.Build.0 = Release|Any CPU
	EndGlobalSection
	GlobalSection(SolutionProperties) = preSolution
		HideSolutionNode = FALSE
	EndGlobalSection
	GlobalSection(ExtensibilityGlobals) = postSolution
		SolutionGuid = {756B1013-AA62-41D9-B585-EC985D7CDBA4}
	EndGlobalSection
EndGlobal
